
Microsoft Visual Studio Solution File, Format Version 12.00
# Visual Studio Version 17
VisualStudioVersion = 17.8.34316.72
MinimumVisualStudioVersion = 10.0.40219.1
Project("{FAE04EC0-301F-11D3-BF4B-00C04F79EFBC}") = "C-Sharp2", "C-Sharp2\C-Sharp2.csproj", "{1DB47B8F-28CF-4FD7-B93F-E333558847D5}"
EndProject
Global
	GlobalSection(SolutionConfigurationPlatforms) = preSolution
		Debug|Any CPU = Debug|Any CPU
		Release|Any CPU = Release|Any CPU
	EndGlobalSection
	GlobalSection(ProjectConfigurationPlatforms) = postSolution
		{1DB47B8F-28CF-4FD7-B93F-E333558847D5}.Debug|Any CPU.ActiveCfg = Debug|Any CPU
		{1DB47B8F-28CF-4FD7-B93F-E333558847D5}.Debug|Any CPU.Build.0 = Debug|Any CPU
		{1DB47B8F-28CF-4FD7-B93F-E333558847D5}.Release|Any CPU.ActiveCfg = Release|Any CPU
		{1DB47B8F-28CF-4FD7-B93F-E333558847D5}.Release|Any CPU.Build.0 = Release|Any CPU
	EndGlobalSection
	GlobalSection(SolutionProperties) = preSolution
		HideSolutionNode = FALSE
	EndGlobalSection
	GlobalSection(ExtensibilityGlobals) = postSolution
		SolutionGuid = {46347545-A8DF-4FE7-BF10-CDE238CDAAEE}
	EndGlobalSection
EndGlobal
